
Microsoft Visual Studio Solution File, Format Version 12.00
# Visual Studio 2013
Project("{8BC9CEB8-8B4A-11D0-8D11-00A0C91BC942}") = "TriMeshViewer", "TriMeshViewer.vcxproj", "{8C6221B8-ACC8-4374-9D81-28CA1E313306}"
EndProject
Global
	GlobalSection(SolutionConfigurationPlatforms) = preSolution
		Debug|Win32 = Debug|Win32
		Release|Win32 = Release|Win32
		Debug|x64 = Debug|x64
		Release|x64 = Release|x64
	EndGlobalSection
	GlobalSection(ProjectConfigurationPlatforms) = postSolution
		{8C6221B8-ACC8-4374-9D81-28CA1E313306}.Debug|Win32.ActiveCfg = Debug|Win32
		{8C6221B8-ACC8-4374-9D81-28CA1E313306}.Debug|Win32.Build.0 = Debug|Win32
		{8C6221B8-ACC8-4374-9D81-28CA1E313306}.Release|Win32.ActiveCfg = Release|Win32
		{8C6221B8-ACC8-4374-9D81-28CA1E313306}.Release|Win32.Build.0 = Release|Win32
		{8C6221B8-ACC8-4374-9D81-28CA1E313306}.Debug|x64.ActiveCfg = Debug|x64
		{8C6221B8-ACC8-4374-9D81-28CA1E313306}.Debug|x64.Build.0 = Debug|x64
		{8C6221B8-ACC8-4374-9D81-28CA1E313306}.Release|x64.ActiveCfg = Release|x64
		{8C6221B8-ACC8-4374-9D81-28CA1E313306}.Release|x64.Build.0 = Release|x64
	EndGlobalSection
	GlobalSection(SolutionProperties) = preSolution
		HideSolutionNode = FALSE
	EndGlobalSection
EndGlobal
